
Microsoft Visual Studio Solution File, Format Version 12.00
# Visual Studio 2012
Project("{FAE04EC0-301F-11D3-BF4B-00C04F79EFBC}") = "Festival _App_Second", "Festival _App_Second\Festival _App_Second.csproj", "{2F5DBA2B-CFD5-4321-AB87-EC1A7FA8189F}"
EndProject
Global
	GlobalSection(TeamFoundationVersionControl) = preSolution
		SccNumberOfProjects = 2
		SccEnterpriseProvider = {4CA58AB2-18FA-4F8D-95D4-32DDF27D184C}
		SccTeamFoundationServer = https://davydecoster.visualstudio.com/defaultcollection
		SccLocalPath0 = .
		SccProjectUniqueName1 = Festival\u0020_App_Second\\Festival\u0020_App_Second.csproj
		SccProjectName1 = Festival\u0020_App_Second
		SccLocalPath1 = Festival\u0020_App_Second
	EndGlobalSection
	GlobalSection(SolutionConfigurationPlatforms) = preSolution
		Debug|Any CPU = Debug|Any CPU
		Release|Any CPU = Release|Any CPU
	EndGlobalSection
	GlobalSection(ProjectConfigurationPlatforms) = postSolution
		{2F5DBA2B-CFD5-4321-AB87-EC1A7FA8189F}.Debug|Any CPU.ActiveCfg = Debug|Any CPU
		{2F5DBA2B-CFD5-4321-AB87-EC1A7FA8189F}.Debug|Any CPU.Build.0 = Debug|Any CPU
		{2F5DBA2B-CFD5-4321-AB87-EC1A7FA8189F}.Release|Any CPU.ActiveCfg = Release|Any CPU
		{2F5DBA2B-CFD5-4321-AB87-EC1A7FA8189F}.Release|Any CPU.Build.0 = Release|Any CPU
	EndGlobalSection
	GlobalSection(SolutionProperties) = preSolution
		HideSolutionNode = FALSE
	EndGlobalSection
EndGlobal
